
Microsoft Visual Studio Solution File, Format Version 12.00
# Visual Studio 2013
VisualStudioVersion = 12.0.31101.0
MinimumVisualStudioVersion = 10.0.40219.1
Project("{D954291E-2A0B-460D-934E-DC6B0785DB48}") = "XamarinAzureSocialLogin", "XamarinAzureSocialLogin\XamarinAzureSocialLogin\XamarinAzureSocialLogin.shproj", "{F8E690B8-269F-4E37-BAAF-51EA591397B5}"
EndProject
Project("{FAE04EC0-301F-11D3-BF4B-00C04F79EFBC}") = "XamarinAzureSocialLogin.WinPhone", "XamarinAzureSocialLogin\XamarinAzureSocialLogin.WinPhone\XamarinAzureSocialLogin.WinPhone.csproj", "{AF008D5D-5962-4DA7-B63C-81895D538F32}"
EndProject
Project("{FAE04EC0-301F-11D3-BF4B-00C04F79EFBC}") = "XamarinAzureSocialLogin.iOS", "XamarinAzureSocialLogin\XamarinAzureSocialLogin.iOS\XamarinAzureSocialLogin.iOS.csproj", "{F143E5EC-5BBD-44C7-81C6-6A72D4A79FF8}"
EndProject
Project("{FAE04EC0-301F-11D3-BF4B-00C04F79EFBC}") = "XamarinAzureSocialLogin.Droid", "XamarinAzureSocialLogin\XamarinAzureSocialLogin.Droid\XamarinAzureSocialLogin.Droid.csproj", "{EC52B017-71BC-42F8-9F47-E14FACE4D09A}"
EndProject
Global
	GlobalSection(SharedMSBuildProjectFiles) = preSolution
		XamarinAzureSocialLogin\XamarinAzureSocialLogin\XamarinAzureSocialLogin.projitems*{f8e690b8-269f-4e37-baaf-51ea591397b5}*SharedItemsImports = 13
		XamarinAzureSocialLogin\XamarinAzureSocialLogin\XamarinAzureSocialLogin.projitems*{f143e5ec-5bbd-44c7-81c6-6a72d4a79ff8}*SharedItemsImports = 4
		XamarinAzureSocialLogin\XamarinAzureSocialLogin\XamarinAzureSocialLogin.projitems*{af008d5d-5962-4da7-b63c-81895d538f32}*SharedItemsImports = 4
		XamarinAzureSocialLogin\XamarinAzureSocialLogin\XamarinAzureSocialLogin.projitems*{ec52b017-71bc-42f8-9f47-e14face4d09a}*SharedItemsImports = 4
	EndGlobalSection
	GlobalSection(SolutionConfigurationPlatforms) = preSolution
		Ad-Hoc|Any CPU = Ad-Hoc|Any CPU
		Ad-Hoc|ARM = Ad-Hoc|ARM
		Ad-Hoc|iPhone = Ad-Hoc|iPhone
		Ad-Hoc|iPhoneSimulator = Ad-Hoc|iPhoneSimulator
		Ad-Hoc|Mixed Platforms = Ad-Hoc|Mixed Platforms
		Ad-Hoc|x86 = Ad-Hoc|x86
		AppStore|Any CPU = AppStore|Any CPU
		AppStore|ARM = AppStore|ARM
		AppStore|iPhone = AppStore|iPhone
		AppStore|iPhoneSimulator = AppStore|iPhoneSimulator
		AppStore|Mixed Platforms = AppStore|Mixed Platforms
		AppStore|x86 = AppStore|x86
		Debug|Any CPU = Debug|Any CPU
		Debug|ARM = Debug|ARM
		Debug|iPhone = Debug|iPhone
		Debug|iPhoneSimulator = Debug|iPhoneSimulator
		Debug|Mixed Platforms = Debug|Mixed Platforms
		Debug|x86 = Debug|x86
		Release|Any CPU = Release|Any CPU
		Release|ARM = Release|ARM
		Release|iPhone = Release|iPhone
		Release|iPhoneSimulator = Release|iPhoneSimulator
		Release|Mixed Platforms = Release|Mixed Platforms
		Release|x86 = Release|x86
	EndGlobalSection
	GlobalSection(ProjectConfigurationPlatforms) = postSolution
		{AF008D5D-5962-4DA7-B63C-81895D538F32}.Ad-Hoc|Any CPU.ActiveCfg = Release|Any CPU
		{AF008D5D-5962-4DA7-B63C-81895D538F32}.Ad-Hoc|Any CPU.Build.0 = Release|Any CPU
		{AF008D5D-5962-4DA7-B63C-81895D538F32}.Ad-Hoc|Any CPU.Deploy.0 = Release|Any CPU
		{AF008D5D-5962-4DA7-B63C-81895D538F32}.Ad-Hoc|ARM.ActiveCfg = Release|ARM
		{AF008D5D-5962-4DA7-B63C-81895D538F32}.Ad-Hoc|ARM.Build.0 = Release|ARM
		{AF008D5D-5962-4DA7-B63C-81895D538F32}.Ad-Hoc|ARM.Deploy.0 = Release|ARM
		{AF008D5D-5962-4DA7-B63C-81895D538F32}.Ad-Hoc|iPhone.ActiveCfg = Release|Any CPU
		{AF008D5D-5962-4DA7-B63C-81895D538F32}.Ad-Hoc|iPhoneSimulator.ActiveCfg = Release|Any CPU
		{AF008D5D-5962-4DA7-B63C-81895D538F32}.Ad-Hoc|Mixed Platforms.ActiveCfg = Release|x86
		{AF008D5D-5962-4DA7-B63C-81895D538F32}.Ad-Hoc|Mixed Platforms.Build.0 = Release|x86
		{AF008D5D-5962-4DA7-B63C-81895D538F32}.Ad-Hoc|Mixed Platforms.Deploy.0 = Release|x86
		{AF008D5D-5962-4DA7-B63C-81895D538F32}.Ad-Hoc|x86.ActiveCfg = Release|x86
		{AF008D5D-5962-4DA7-B63C-81895D538F32}.Ad-Hoc|x86.Build.0 = Release|x86
		{AF008D5D-5962-4DA7-B63C-81895D538F32}.Ad-Hoc|x86.Deploy.0 = Release|x86
		{AF008D5D-5962-4DA7-B63C-81895D538F32}.AppStore|Any CPU.ActiveCfg = Release|Any CPU
		{AF008D5D-5962-4DA7-B63C-81895D538F32}.AppStore|Any CPU.Build.0 = Release|Any CPU
		{AF008D5D-5962-4DA7-B63C-81895D538F32}.AppStore|Any CPU.Deploy.0 = Release|Any CPU
		{AF008D5D-5962-4DA7-B63C-81895D538F32}.AppStore|ARM.ActiveCfg = Release|ARM
		{AF008D5D-5962-4DA7-B63C-81895D538F32}.AppStore|ARM.Build.0 = Release|ARM
		{AF008D5D-5962-4DA7-B63C-81895D538F32}.AppStore|ARM.Deploy.0 = Release|ARM
		{AF008D5D-5962-4DA7-B63C-81895D538F32}.AppStore|iPhone.ActiveCfg = Release|Any CPU
		{AF008D5D-5962-4DA7-B63C-81895D538F32}.AppStore|iPhoneSimulator.ActiveCfg = Release|Any CPU
		{AF008D5D-5962-4DA7-B63C-81895D538F32}.AppStore|Mixed Platforms.ActiveCfg = Release|x86
		{AF008D5D-5962-4DA7-B63C-81895D538F32}.AppStore|Mixed Platforms.Build.0 = Release|x86
		{AF008D5D-5962-4DA7-B63C-81895D538F32}.AppStore|Mixed Platforms.Deploy.0 = Release|x86
		{AF008D5D-5962-4DA7-B63C-81895D538F32}.AppStore|x86.ActiveCfg = Release|x86
		{AF008D5D-5962-4DA7-B63C-81895D538F32}.AppStore|x86.Build.0 = Release|x86
		{AF008D5D-5962-4DA7-B63C-81895D538F32}.AppStore|x86.Deploy.0 = Release|x86
		{AF008D5D-5962-4DA7-B63C-81895D538F32}.Debug|Any CPU.ActiveCfg = Debug|Any CPU
		{AF008D5D-5962-4DA7-B63C-81895D538F32}.Debug|Any CPU.Build.0 = Debug|Any CPU
		{AF008D5D-5962-4DA7-B63C-81895D538F32}.Debug|Any CPU.Deploy.0 = Debug|Any CPU
		{AF008D5D-5962-4DA7-B63C-81895D538F32}.Debug|ARM.ActiveCfg = Debug|ARM
		{AF008D5D-5962-4DA7-B63C-81895D538F32}.Debug|ARM.Build.0 = Debug|ARM
		{AF008D5D-5962-4DA7-B63C-81895D538F32}.Debug|ARM.Deploy.0 = Debug|ARM
		{AF008D5D-5962-4DA7-B63C-81895D538F32}.Debug|iPhone.ActiveCfg = Debug|Any CPU
		{AF008D5D-5962-4DA7-B63C-81895D538F32}.Debug|iPhoneSimulator.ActiveCfg = Debug|Any CPU
		{AF008D5D-5962-4DA7-B63C-81895D538F32}.Debug|Mixed Platforms.ActiveCfg = Debug|x86
		{AF008D5D-5962-4DA7-B63C-81895D538F32}.Debug|Mixed Platforms.Build.0 = Debug|x86
		{AF008D5D-5962-4DA7-B63C-81895D538F32}.Debug|Mixed Platforms.Deploy.0 = Debug|x86
		{AF008D5D-5962-4DA7-B63C-81895D538F32}.Debug|x86.ActiveCfg = Debug|x86
		{AF008D5D-5962-4DA7-B63C-81895D538F32}.Debug|x86.Build.0 = Debug|x86
		{AF008D5D-5962-4DA7-B63C-81895D538F32}.Debug|x86.Deploy.0 = Debug|x86
		{AF008D5D-5962-4DA7-B63C-81895D538F32}.Release|Any CPU.ActiveCfg = Release|Any CPU
		{AF008D5D-5962-4DA7-B63C-81895D538F32}.Release|Any CPU.Build.0 = Release|Any CPU
		{AF008D5D-5962-4DA7-B63C-81895D538F32}.Release|Any CPU.Deploy.0 = Release|Any CPU
		{AF008D5D-5962-4DA7-B63C-81895D538F32}.Release|ARM.ActiveCfg = Release|ARM
		{AF008D5D-5962-4DA7-B63C-81895D538F32}.Release|ARM.Build.0 = Release|ARM
		{AF008D5D-5962-4DA7-B63C-81895D538F32}.Release|ARM.Deploy.0 = Release|ARM
		{AF008D5D-5962-4DA7-B63C-81895D538F32}.Release|iPhone.ActiveCfg = Release|Any CPU
		{AF008D5D-5962-4DA7-B63C-81895D538F32}.Release|iPhoneSimulator.ActiveCfg = Release|Any CPU
		{AF008D5D-5962-4DA7-B63C-81895D538F32}.Release|Mixed Platforms.ActiveCfg = Release|x86
		{AF008D5D-5962-4DA7-B63C-81895D538F32}.Release|Mixed Platforms.Build.0 = Release|x86
		{AF008D5D-5962-4DA7-B63C-81895D538F32}.Release|Mixed Platforms.Deploy.0 = Release|x86
		{AF008D5D-5962-4DA7-B63C-81895D538F32}.Release|x86.ActiveCfg = Release|x86
		{AF008D5D-5962-4DA7-B63C-81895D538F32}.Release|x86.Build.0 = Release|x86
		{AF008D5D-5962-4DA7-B63C-81895D538F32}.Release|x86.Deploy.0 = Release|x86
		{F143E5EC-5BBD-44C7-81C6-6A72D4A79FF8}.Ad-Hoc|Any CPU.ActiveCfg = Ad-Hoc|iPhone
		{F143E5EC-5BBD-44C7-81C6-6A72D4A79FF8}.Ad-Hoc|ARM.ActiveCfg = Ad-Hoc|iPhone
		{F143E5EC-5BBD-44C7-81C6-6A72D4A79FF8}.Ad-Hoc|iPhone.ActiveCfg = Ad-Hoc|iPhone
		{F143E5EC-5BBD-44C7-81C6-6A72D4A79FF8}.Ad-Hoc|iPhone.Build.0 = Ad-Hoc|iPhone
		{F143E5EC-5BBD-44C7-81C6-6A72D4A79FF8}.Ad-Hoc|iPhoneSimulator.ActiveCfg = Ad-Hoc|iPhoneSimulator
		{F143E5EC-5BBD-44C7-81C6-6A72D4A79FF8}.Ad-Hoc|iPhoneSimulator.Build.0 = Ad-Hoc|iPhoneSimulator
		{F143E5EC-5BBD-44C7-81C6-6A72D4A79FF8}.Ad-Hoc|Mixed Platforms.ActiveCfg = Ad-Hoc|iPhone
		{F143E5EC-5BBD-44C7-81C6-6A72D4A79FF8}.Ad-Hoc|Mixed Platforms.Build.0 = Ad-Hoc|iPhone
		{F143E5EC-5BBD-44C7-81C6-6A72D4A79FF8}.Ad-Hoc|x86.ActiveCfg = Ad-Hoc|iPhone
		{F143E5EC-5BBD-44C7-81C6-6A72D4A79FF8}.AppStore|Any CPU.ActiveCfg = AppStore|iPhone
		{F143E5EC-5BBD-44C7-81C6-6A72D4A79FF8}.AppStore|ARM.ActiveCfg = AppStore|iPhone
		{F143E5EC-5BBD-44C7-81C6-6A72D4A79FF8}.AppStore|iPhone.ActiveCfg = AppStore|iPhone
		{F143E5EC-5BBD-44C7-81C6-6A72D4A79FF8}.AppStore|iPhone.Build.0 = AppStore|iPhone
		{F143E5EC-5BBD-44C7-81C6-6A72D4A79FF8}.AppStore|iPhoneSimulator.ActiveCfg = AppStore|iPhoneSimulator
		{F143E5EC-5BBD-44C7-81C6-6A72D4A79FF8}.AppStore|iPhoneSimulator.Build.0 = AppStore|iPhoneSimulator
		{F143E5EC-5BBD-44C7-81C6-6A72D4A79FF8}.AppStore|Mixed Platforms.ActiveCfg = AppStore|iPhone
		{F143E5EC-5BBD-44C7-81C6-6A72D4A79FF8}.AppStore|Mixed Platforms.Build.0 = AppStore|iPhone
		{F143E5EC-5BBD-44C7-81C6-6A72D4A79FF8}.AppStore|x86.ActiveCfg = AppStore|iPhone
		{F143E5EC-5BBD-44C7-81C6-6A72D4A79FF8}.Debug|Any CPU.ActiveCfg = Debug|iPhone
		{F143E5EC-5BBD-44C7-81C6-6A72D4A79FF8}.Debug|ARM.ActiveCfg = Debug|iPhone
		{F143E5EC-5BBD-44C7-81C6-6A72D4A79FF8}.Debug|iPhone.ActiveCfg = Debug|iPhone
		{F143E5EC-5BBD-44C7-81C6-6A72D4A79FF8}.Debug|iPhone.Build.0 = Debug|iPhone
		{F143E5EC-5BBD-44C7-81C6-6A72D4A79FF8}.Debug|iPhoneSimulator.ActiveCfg = Debug|iPhoneSimulator
		{F143E5EC-5BBD-44C7-81C6-6A72D4A79FF8}.Debug|iPhoneSimulator.Build.0 = Debug|iPhoneSimulator
		{F143E5EC-5BBD-44C7-81C6-6A72D4A79FF8}.Debug|Mixed Platforms.ActiveCfg = Debug|iPhone
		{F143E5EC-5BBD-44C7-81C6-6A72D4A79FF8}.Debug|Mixed Platforms.Build.0 = Debug|iPhone
		{F143E5EC-5BBD-44C7-81C6-6A72D4A79FF8}.Debug|x86.ActiveCfg = Debug|iPhone
		{F143E5EC-5BBD-44C7-81C6-6A72D4A79FF8}.Release|Any CPU.ActiveCfg = Release|iPhone
		{F143E5EC-5BBD-44C7-81C6-6A72D4A79FF8}.Release|ARM.ActiveCfg = Release|iPhone
		{F143E5EC-5BBD-44C7-81C6-6A72D4A79FF8}.Release|iPhone.ActiveCfg = Release|iPhone
		{F143E5EC-5BBD-44C7-81C6-6A72D4A79FF8}.Release|iPhone.Build.0 = Release|iPhone
		{F143E5EC-5BBD-44C7-81C6-6A72D4A79FF8}.Release|iPhoneSimulator.ActiveCfg = Release|iPhoneSimulator
		{F143E5EC-5BBD-44C7-81C6-6A72D4A79FF8}.Release|iPhoneSimulator.Build.0 = Release|iPhoneSimulator
		{F143E5EC-5BBD-44C7-81C6-6A72D4A79FF8}.Release|Mixed Platforms.ActiveCfg = Release|iPhone
		{F143E5EC-5BBD-44C7-81C6-6A72D4A79FF8}.Release|Mixed Platforms.Build.0 = Release|iPhone
		{F143E5EC-5BBD-44C7-81C6-6A72D4A79FF8}.Release|x86.ActiveCfg = Release|iPhone
		{EC52B017-71BC-42F8-9F47-E14FACE4D09A}.Ad-Hoc|Any CPU.ActiveCfg = Release|Any CPU
		{EC52B017-71BC-42F8-9F47-E14FACE4D09A}.Ad-Hoc|Any CPU.Build.0 = Release|Any CPU
		{EC52B017-71BC-42F8-9F47-E14FACE4D09A}.Ad-Hoc|Any CPU.Deploy.0 = Release|Any CPU
		{EC52B017-71BC-42F8-9F47-E14FACE4D09A}.Ad-Hoc|ARM.ActiveCfg = Release|Any CPU
		{EC52B017-71BC-42F8-9F47-E14FACE4D09A}.Ad-Hoc|iPhone.ActiveCfg = Release|Any CPU
		{EC52B017-71BC-42F8-9F47-E14FACE4D09A}.Ad-Hoc|iPhoneSimulator.ActiveCfg = Release|Any CPU
		{EC52B017-71BC-42F8-9F47-E14FACE4D09A}.Ad-Hoc|Mixed Platforms.ActiveCfg = Release|Any CPU
		{EC52B017-71BC-42F8-9F47-E14FACE4D09A}.Ad-Hoc|Mixed Platforms.Build.0 = Release|Any CPU
		{EC52B017-71BC-42F8-9F47-E14FACE4D09A}.Ad-Hoc|Mixed Platforms.Deploy.0 = Release|Any CPU
		{EC52B017-71BC-42F8-9F47-E14FACE4D09A}.Ad-Hoc|x86.ActiveCfg = Release|Any CPU
		{EC52B017-71BC-42F8-9F47-E14FACE4D09A}.AppStore|Any CPU.ActiveCfg = Release|Any CPU
		{EC52B017-71BC-42F8-9F47-E14FACE4D09A}.AppStore|Any CPU.Build.0 = Release|Any CPU
		{EC52B017-71BC-42F8-9F47-E14FACE4D09A}.AppStore|Any CPU.Deploy.0 = Release|Any CPU
		{EC52B017-71BC-42F8-9F47-E14FACE4D09A}.AppStore|ARM.ActiveCfg = Release|Any CPU
		{EC52B017-71BC-42F8-9F47-E14FACE4D09A}.AppStore|iPhone.ActiveCfg = Release|Any CPU
		{EC52B017-71BC-42F8-9F47-E14FACE4D09A}.AppStore|iPhoneSimulator.ActiveCfg = Release|Any CPU
		{EC52B017-71BC-42F8-9F47-E14FACE4D09A}.AppStore|Mixed Platforms.ActiveCfg = Release|Any CPU
		{EC52B017-71BC-42F8-9F47-E14FACE4D09A}.AppStore|Mixed Platforms.Build.0 = Release|Any CPU
		{EC52B017-71BC-42F8-9F47-E14FACE4D09A}.AppStore|Mixed Platforms.Deploy.0 = Release|Any CPU
		{EC52B017-71BC-42F8-9F47-E14FACE4D09A}.AppStore|x86.ActiveCfg = Release|Any CPU
		{EC52B017-71BC-42F8-9F47-E14FACE4D09A}.Debug|Any CPU.ActiveCfg = Debug|Any CPU
		{EC52B017-71BC-42F8-9F47-E14FACE4D09A}.Debug|Any CPU.Build.0 = Debug|Any CPU
		{EC52B017-71BC-42F8-9F47-E14FACE4D09A}.Debug|Any CPU.Deploy.0 = Debug|Any CPU
		{EC52B017-71BC-42F8-9F47-E14FACE4D09A}.Debug|ARM.ActiveCfg = Debug|Any CPU
		{EC52B017-71BC-42F8-9F47-E14FACE4D09A}.Debug|iPhone.ActiveCfg = Debug|Any CPU
		{EC52B017-71BC-42F8-9F47-E14FACE4D09A}.Debug|iPhoneSimulator.ActiveCfg = Debug|Any CPU
		{EC52B017-71BC-42F8-9F47-E14FACE4D09A}.Debug|Mixed Platforms.ActiveCfg = Debug|Any CPU
		{EC52B017-71BC-42F8-9F47-E14FACE4D09A}.Debug|Mixed Platforms.Build.0 = Debug|Any CPU
		{EC52B017-71BC-42F8-9F47-E14FACE4D09A}.Debug|Mixed Platforms.Deploy.0 = Debug|Any CPU
		{EC52B017-71BC-42F8-9F47-E14FACE4D09A}.Debug|x86.ActiveCfg = Debug|Any CPU
		{EC52B017-71BC-42F8-9F47-E14FACE4D09A}.Release|Any CPU.ActiveCfg = Release|Any CPU
		{EC52B017-71BC-42F8-9F47-E14FACE4D09A}.Release|Any CPU.Build.0 = Release|Any CPU
		{EC52B017-71BC-42F8-9F47-E14FACE4D09A}.Release|Any CPU.Deploy.0 = Release|Any CPU
		{EC52B017-71BC-42F8-9F47-E14FACE4D09A}.Release|ARM.ActiveCfg = Release|Any CPU
		{EC52B017-71BC-42F8-9F47-E14FACE4D09A}.Release|iPhone.ActiveCfg = Release|Any CPU
		{EC52B017-71BC-42F8-9F47-E14FACE4D09A}.Release|iPhoneSimulator.ActiveCfg = Release|Any CPU
		{EC52B017-71BC-42F8-9F47-E14FACE4D09A}.Release|Mixed Platforms.ActiveCfg = Release|Any CPU
		{EC52B017-71BC-42F8-9F47-E14FACE4D09A}.Release|Mixed Platforms.Build.0 = Release|Any CPU
		{EC52B017-71BC-42F8-9F47-E14FACE4D09A}.Release|Mixed Platforms.Deploy.0 = Release|Any CPU
		{EC52B017-71BC-42F8-9F47-E14FACE4D09A}.Release|x86.ActiveCfg = Release|Any CPU
	EndGlobalSection
	GlobalSection(SolutionProperties) = preSolution
		HideSolutionNode = FALSE
	EndGlobalSection
EndGlobal
